
Microsoft Visual Studio Solution File, Format Version 12.00
# Visual Studio Version 17
VisualStudioVersion = 17.5.002.0
MinimumVisualStudioVersion = 10.0.40219.1
Project("{9A19103F-16F7-4668-BE54-9A1E7A4F7556}") = "Exercise", "Exercise.csproj", "{2E638F14-879D-4B03-98E6-F41A63B93422}"
EndProject
Global
	GlobalSection(SolutionConfigurationPlatforms) = preSolution
		Debug|Any CPU = Debug|Any CPU
		Release|Any CPU = Release|Any CPU
	EndGlobalSection
	GlobalSection(ProjectConfigurationPlatforms) = postSolution
		{2E638F14-879D-4B03-98E6-F41A63B93422}.Debug|Any CPU.ActiveCfg = Debug|Any CPU
		{2E638F14-879D-4B03-98E6-F41A63B93422}.Debug|Any CPU.Build.0 = Debug|Any CPU
		{2E638F14-879D-4B03-98E6-F41A63B93422}.Release|Any CPU.ActiveCfg = Release|Any CPU
		{2E638F14-879D-4B03-98E6-F41A63B93422}.Release|Any CPU.Build.0 = Release|Any CPU
	EndGlobalSection
	GlobalSection(SolutionProperties) = preSolution
		HideSolutionNode = FALSE
	EndGlobalSection
	GlobalSection(ExtensibilityGlobals) = postSolution
		SolutionGuid = {20870A1D-D394-496D-B5E3-BDF589AA357C}
	EndGlobalSection
EndGlobal
